// !$*UTF8*$!
{
	archiveVersion = 1;
	classes = {
	};
	objectVersion = 56;
	objects = {

/* Begin PBXBuildFile section */
		3FABF4BA2BAC871E007837B4 /* LandmarksApp.swift in Sources */ = {isa = PBXBuildFile; fileRef = 3FABF4B92BAC871E007837B4 /* LandmarksApp.swift */; };
		3FABF4BC2BAC871E007837B4 /* ContentView.swift in Sources */ = {isa = PBXBuildFile; fileRef = 3FABF4BB2BAC871E007837B4 /* ContentView.swift */; };
		3FABF4BE2BAC8720007837B4 /* Assets.xcassets in Resources */ = {isa = PBXBuildFile; fileRef = 3FABF4BD2BAC8720007837B4 /* Assets.xcassets */; };
		3FABF4C12BAC8720007837B4 /* Preview Assets.xcassets in Resources */ = {isa = PBXBuildFile; fileRef = 3FABF4C02BAC8720007837B4 /* Preview Assets.xcassets */; };
		3FABF4C32BAC8720007837B4 /* Persistence.swift in Sources */ = {isa = PBXBuildFile; fileRef = 3FABF4C22BAC8720007837B4 /* Persistence.swift */; };
		3FABF4C62BAC8720007837B4 /* Landmarks.xcdatamodeld in Sources */ = {isa = PBXBuildFile; fileRef = 3FABF4C42BAC8720007837B4 /* Landmarks.xcdatamodeld */; };
		3FABF4D02BAC8720007837B4 /* LandmarksTests.swift in Sources */ = {isa = PBXBuildFile; fileRef = 3FABF4CF2BAC8720007837B4 /* LandmarksTests.swift */; };
		3FABF4DA2BAC8720007837B4 /* LandmarksUITests.swift in Sources */ = {isa = PBXBuildFile; fileRef = 3FABF4D92BAC8720007837B4 /* LandmarksUITests.swift */; };
		3FABF4DC2BAC8720007837B4 /* LandmarksUITestsLaunchTests.swift in Sources */ = {isa = PBXBuildFile; fileRef = 3FABF4DB2BAC8720007837B4 /* LandmarksUITestsLaunchTests.swift */; };
		3FABF4E92BAC9446007837B4 /* turtlerock@2x.jpg in Resources */ = {isa = PBXBuildFile; fileRef = 3FABF4E82BAC9446007837B4 /* turtlerock@2x.jpg */; };
		3FABF4ED2BAC9D54007837B4 /* MapView.swift in Sources */ = {isa = PBXBuildFile; fileRef = 3FABF4EC2BAC9D53007837B4 /* MapView.swift */; };
		3FABF4F12BAC9E31007837B4 /* CircleImage.swift in Sources */ = {isa = PBXBuildFile; fileRef = 3FABF4F02BAC9E31007837B4 /* CircleImage.swift */; };
		3FABF4F32BACAED2007837B4 /* landmarkData.json in Resources */ = {isa = PBXBuildFile; fileRef = 3FABF4F22BACAED2007837B4 /* landmarkData.json */; };
		3FABF4F52BACAEFD007837B4 /* Landmark.swift in Sources */ = {isa = PBXBuildFile; fileRef = 3FABF4F42BACAEFD007837B4 /* Landmark.swift */; };
		3FABF4F72BACB978007837B4 /* ModelData.swift in Sources */ = {isa = PBXBuildFile; fileRef = 3FABF4F62BACB978007837B4 /* ModelData.swift */; };
		3FABF4FC2BACBB9F007837B4 /* LandmarkRow.swift in Sources */ = {isa = PBXBuildFile; fileRef = 3FABF4FB2BACBB9F007837B4 /* LandmarkRow.swift */; };
/* End PBXBuildFile section */

/* Begin PBXContainerItemProxy section */
		3FABF4CC2BAC8720007837B4 /* PBXContainerItemProxy */ = {
			isa = PBXContainerItemProxy;
			containerPortal = 3FABF4AE2BAC871E007837B4 /* Project object */;
			proxyType = 1;
			remoteGlobalIDString = 3FABF4B52BAC871E007837B4;
			remoteInfo = Landmarks;
		};
		3FABF4D62BAC8720007837B4 /* PBXContainerItemProxy */ = {
			isa = PBXContainerItemProxy;
			containerPortal = 3FABF4AE2BAC871E007837B4 /* Project object */;
			proxyType = 1;
			remoteGlobalIDString = 3FABF4B52BAC871E007837B4;
			remoteInfo = Landmarks;
		};
/* End PBXContainerItemProxy section */

/* Begin PBXFileReference section */
		3FABF4B62BAC871E007837B4 /* Landmarks.app */ = {isa = PBXFileReference; explicitFileType = wrapper.application; includeInIndex = 0; path = Landmarks.app; sourceTree = BUILT_PRODUCTS_DIR; };
		3FABF4B92BAC871E007837B4 /* LandmarksApp.swift */ = {isa = PBXFileReference; lastKnownFileType = sourcecode.swift; path = LandmarksApp.swift; sourceTree = "<group>"; };
		3FABF4BB2BAC871E007837B4 /* ContentView.swift */ = {isa = PBXFileReference; lastKnownFileType = sourcecode.swift; path = ContentView.swift; sourceTree = "<group>"; };
		3FABF4BD2BAC8720007837B4 /* Assets.xcassets */ = {isa = PBXFileReference; lastKnownFileType = folder.assetcatalog; path = Assets.xcassets; sourceTree = "<group>"; };
		3FABF4C02BAC8720007837B4 /* Preview Assets.xcassets */ = {isa = PBXFileReference; lastKnownFileType = folder.assetcatalog; path = "Preview Assets.xcassets"; sourceTree = "<group>"; };
		3FABF4C22BAC8720007837B4 /* Persistence.swift */ = {isa = PBXFileReference; lastKnownFileType = sourcecode.swift; path = Persistence.swift; sourceTree = "<group>"; };
		3FABF4C52BAC8720007837B4 /* Landmarks.xcdatamodel */ = {isa = PBXFileReference; lastKnownFileType = wrapper.xcdatamodel; path = Landmarks.xcdatamodel; sourceTree = "<group>"; };
		3FABF4CB2BAC8720007837B4 /* LandmarksTests.xctest */ = {isa = PBXFileReference; explicitFileType = wrapper.cfbundle; includeInIndex = 0; path = LandmarksTests.xctest; sourceTree = BUILT_PRODUCTS_DIR; };
		3FABF4CF2BAC8720007837B4 /* LandmarksTests.swift */ = {isa = PBXFileReference; lastKnownFileType = sourcecode.swift; path = LandmarksTests.swift; sourceTree = "<group>"; };
		3FABF4D52BAC8720007837B4 /* LandmarksUITests.xctest */ = {isa = PBXFileReference; explicitFileType = wrapper.cfbundle; includeInIndex = 0; path = LandmarksUITests.xctest; sourceTree = BUILT_PRODUCTS_DIR; };
		3FABF4D92BAC8720007837B4 /* LandmarksUITests.swift */ = {isa = PBXFileReference; lastKnownFileType = sourcecode.swift; path = LandmarksUITests.swift; sourceTree = "<group>"; };
		3FABF4DB2BAC8720007837B4 /* LandmarksUITestsLaunchTests.swift */ = {isa = PBXFileReference; lastKnownFileType = sourcecode.swift; path = LandmarksUITestsLaunchTests.swift; sourceTree = "<group>"; };
		3FABF4E82BAC9446007837B4 /* turtlerock@2x.jpg */ = {isa = PBXFileReference; lastKnownFileType = image.jpeg; name = "turtlerock@2x.jpg"; path = "../../CreatingAndCombiningViews/Resources/turtlerock@2x.jpg"; sourceTree = "<group>"; };
		3FABF4EC2BAC9D53007837B4 /* MapView.swift */ = {isa = PBXFileReference; fileEncoding = 4; lastKnownFileType = sourcecode.swift; path = MapView.swift; sourceTree = "<group>"; };
		3FABF4F02BAC9E31007837B4 /* CircleImage.swift */ = {isa = PBXFileReference; lastKnownFileType = sourcecode.swift; path = CircleImage.swift; sourceTree = "<group>"; };
		3FABF4F22BACAED2007837B4 /* landmarkData.json */ = {isa = PBXFileReference; fileEncoding = 4; lastKnownFileType = text.json; path = landmarkData.json; sourceTree = "<group>"; };
		3FABF4F42BACAEFD007837B4 /* Landmark.swift */ = {isa = PBXFileReference; lastKnownFileType = sourcecode.swift; path = Landmark.swift; sourceTree = "<group>"; };
		3FABF4F62BACB978007837B4 /* ModelData.swift */ = {isa = PBXFileReference; lastKnownFileType = sourcecode.swift; path = ModelData.swift; sourceTree = "<group>"; };
		3FABF4FB2BACBB9F007837B4 /* LandmarkRow.swift */ = {isa = PBXFileReference; lastKnownFileType = sourcecode.swift; path = LandmarkRow.swift; sourceTree = "<group>"; };
/* End PBXFileReference section */

/* Begin PBXFrameworksBuildPhase section */
		3FABF4B32BAC871E007837B4 /* Frameworks */ = {
			isa = PBXFrameworksBuildPhase;
			buildActionMask = 2147483647;
			files = (
			);
			runOnlyForDeploymentPostprocessing = 0;
		};
		3FABF4C82BAC8720007837B4 /* Frameworks */ = {
			isa = PBXFrameworksBuildPhase;
			buildActionMask = 2147483647;
			files = (
			);
			runOnlyForDeploymentPostprocessing = 0;
		};
		3FABF4D22BAC8720007837B4 /* Frameworks */ = {
			isa = PBXFrameworksBuildPhase;
			buildActionMask = 2147483647;
			files = (
			);
			runOnlyForDeploymentPostprocessing = 0;
		};
/* End PBXFrameworksBuildPhase section */

/* Begin PBXGroup section */
		3FABF4AD2BAC871E007837B4 = {
			isa = PBXGroup;
			children = (
				3FABF4B82BAC871E007837B4 /* Landmarks */,
				3FABF4CE2BAC8720007837B4 /* LandmarksTests */,
				3FABF4D82BAC8720007837B4 /* LandmarksUITests */,
				3FABF4B72BAC871E007837B4 /* Products */,
			);
			sourceTree = "<group>";
		};
		3FABF4B72BAC871E007837B4 /* Products */ = {
			isa = PBXGroup;
			children = (
				3FABF4B62BAC871E007837B4 /* Landmarks.app */,
				3FABF4CB2BAC8720007837B4 /* LandmarksTests.xctest */,
				3FABF4D52BAC8720007837B4 /* LandmarksUITests.xctest */,
			);
			name = Products;
			sourceTree = "<group>";
		};
		3FABF4B82BAC871E007837B4 /* Landmarks */ = {
			isa = PBXGroup;
			children = (
				3FABF4B92BAC871E007837B4 /* LandmarksApp.swift */,
				3FABF4F82BACBAF0007837B4 /* Views */,
				3FABF4BD2BAC8720007837B4 /* Assets.xcassets */,
				3FABF4E82BAC9446007837B4 /* turtlerock@2x.jpg */,
				3FABF4C22BAC8720007837B4 /* Persistence.swift */,
				3FABF4C42BAC8720007837B4 /* Landmarks.xcdatamodeld */,
				3FABF4FA2BACBB5F007837B4 /* Resources */,
				3FABF4F92BACBB45007837B4 /* Model */,
				3FABF4BF2BAC8720007837B4 /* Preview Content */,
			);
			path = Landmarks;
			sourceTree = "<group>";
		};
		3FABF4BF2BAC8720007837B4 /* Preview Content */ = {
			isa = PBXGroup;
			children = (
				3FABF4C02BAC8720007837B4 /* Preview Assets.xcassets */,
			);
			path = "Preview Content";
			sourceTree = "<group>";
		};
		3FABF4CE2BAC8720007837B4 /* LandmarksTests */ = {
			isa = PBXGroup;
			children = (
				3FABF4CF2BAC8720007837B4 /* LandmarksTests.swift */,
			);
			path = LandmarksTests;
			sourceTree = "<group>";
		};
		3FABF4D82BAC8720007837B4 /* LandmarksUITests */ = {
			isa = PBXGroup;
			children = (
				3FABF4D92BAC8720007837B4 /* LandmarksUITests.swift */,
				3FABF4DB2BAC8720007837B4 /* LandmarksUITestsLaunchTests.swift */,
			);
			path = LandmarksUITests;
			sourceTree = "<group>";
		};
		3FABF4F82BACBAF0007837B4 /* Views */ = {
			isa = PBXGroup;
			children = (
				3FABF4BB2BAC871E007837B4 /* ContentView.swift */,
				3FABF4EC2BAC9D53007837B4 /* MapView.swift */,
				3FABF4F02BAC9E31007837B4 /* CircleImage.swift */,
			);
			path = Views;
			sourceTree = "<group>";
		};
		3FABF4F92BACBB45007837B4 /* Model */ = {
			isa = PBXGroup;
			children = (
				3FABF4F62BACB978007837B4 /* ModelData.swift */,
				3FABF4F42BACAEFD007837B4 /* Landmark.swift */,
			);
			path = Model;
			sourceTree = "<group>";
		};
		3FABF4FA2BACBB5F007837B4 /* Resources */ = {
			isa = PBXGroup;
			children = (
				3FABF4F22BACAED2007837B4 /* landmarkData.json */,
				3FABF4FB2BACBB9F007837B4 /* LandmarkRow.swift */,
			);
			path = Resources;
			sourceTree = "<group>";
		};
/* End PBXGroup section */

/* Begin PBXNativeTarget section */
		3FABF4B52BAC871E007837B4 /* Landmarks */ = {
			isa = PBXNativeTarget;
			buildConfigurationList = 3FABF4DF2BAC8720007837B4 /* Build configuration list for PBXNativeTarget "Landmarks" */;
			buildPhases = (
				3FABF4B22BAC871E007837B4 /* Sources */,
				3FABF4B32BAC871E007837B4 /* Frameworks */,
				3FABF4B42BAC871E007837B4 /* Resources */,
			);
			buildRules = (
			);
			dependencies = (
			);
			name = Landmarks;
			productName = Landmarks;
			productReference = 3FABF4B62BAC871E007837B4 /* Landmarks.app */;
			productType = "com.apple.product-type.application";
		};
		3FABF4CA2BAC8720007837B4 /* LandmarksTests */ = {
			isa = PBXNativeTarget;
			buildConfigurationList = 3FABF4E22BAC8720007837B4 /* Build configuration list for PBXNativeTarget "LandmarksTests" */;
			buildPhases = (
				3FABF4C72BAC8720007837B4 /* Sources */,
				3FABF4C82BAC8720007837B4 /* Frameworks */,
				3FABF4C92BAC8720007837B4 /* Resources */,
			);
			buildRules = (
			);
			dependencies = (
				3FABF4CD2BAC8720007837B4 /* PBXTargetDependency */,
			);
			name = LandmarksTests;
			productName = LandmarksTests;
			productReference = 3FABF4CB2BAC8720007837B4 /* LandmarksTests.xctest */;
			productType = "com.apple.product-type.bundle.unit-test";
		};
		3FABF4D42BAC8720007837B4 /* LandmarksUITests */ = {
			isa = PBXNativeTarget;
			buildConfigurationList = 3FABF4E52BAC8720007837B4 /* Build configuration list for PBXNativeTarget "LandmarksUITests" */;
			buildPhases = (
				3FABF4D12BAC8720007837B4 /* Sources */,
				3FABF4D22BAC8720007837B4 /* Frameworks */,
				3FABF4D32BAC8720007837B4 /* Resources */,
			);
			buildRules = (
			);
			dependencies = (
				3FABF4D72BAC8720007837B4 /* PBXTargetDependency */,
			);
			name = LandmarksUITests;
			productName = LandmarksUITests;
			productReference = 3FABF4D52BAC8720007837B4 /* LandmarksUITests.xctest */;
			productType = "com.apple.product-type.bundle.ui-testing";
		};
/* End PBXNativeTarget section */

/* Begin PBXProject section */
		3FABF4AE2BAC871E007837B4 /* Project object */ = {
			isa = PBXProject;
			attributes = {
				BuildIndependentTargetsInParallel = 1;
				LastSwiftUpdateCheck = 1530;
				LastUpgradeCheck = 1530;
				TargetAttributes = {
					3FABF4B52BAC871E007837B4 = {
						CreatedOnToolsVersion = 15.3;
					};
					3FABF4CA2BAC8720007837B4 = {
						CreatedOnToolsVersion = 15.3;
						TestTargetID = 3FABF4B52BAC871E007837B4;
					};
					3FABF4D42BAC8720007837B4 = {
						CreatedOnToolsVersion = 15.3;
						TestTargetID = 3FABF4B52BAC871E007837B4;
					};
				};
			};
			buildConfigurationList = 3FABF4B12BAC871E007837B4 /* Build configuration list for PBXProject "Landmarks" */;
			compatibilityVersion = "Xcode 14.0";
			developmentRegion = en;
			hasScannedForEncodings = 0;
			knownRegions = (
				en,
				Base,
			);
			mainGroup = 3FABF4AD2BAC871E007837B4;
			productRefGroup = 3FABF4B72BAC871E007837B4 /* Products */;
			projectDirPath = "";
			projectRoot = "";
			targets = (
				3FABF4B52BAC871E007837B4 /* Landmarks */,
				3FABF4CA2BAC8720007837B4 /* LandmarksTests */,
				3FABF4D42BAC8720007837B4 /* LandmarksUITests */,
			);
		};
/* End PBXProject section */

/* Begin PBXResourcesBuildPhase section */
		3FABF4B42BAC871E007837B4 /* Resources */ = {
			isa = PBXResourcesBuildPhase;
			buildActionMask = 2147483647;
			files = (
				3FABF4E92BAC9446007837B4 /* turtlerock@2x.jpg in Resources */,
				3FABF4F32BACAED2007837B4 /* landmarkData.json in Resources */,
				3FABF4C12BAC8720007837B4 /* Preview Assets.xcassets in Resources */,
				3FABF4BE2BAC8720007837B4 /* Assets.xcassets in Resources */,
			);
			runOnlyForDeploymentPostprocessing = 0;
		};
		3FABF4C92BAC8720007837B4 /* Resources */ = {
			isa = PBXResourcesBuildPhase;
			buildActionMask = 2147483647;
			files = (
			);
			runOnlyForDeploymentPostprocessing = 0;
		};
		3FABF4D32BAC8720007837B4 /* Resources */ = {
			isa = PBXResourcesBuildPhase;
			buildActionMask = 2147483647;
			files = (
			);
			runOnlyForDeploymentPostprocessing = 0;
		};
/* End PBXResourcesBuildPhase section */

/* Begin PBXSourcesBuildPhase section */
		3FABF4B22BAC871E007837B4 /* Sources */ = {
			isa = PBXSourcesBuildPhase;
			buildActionMask = 2147483647;
			files = (
				3FABF4F52BACAEFD007837B4 /* Landmark.swift in Sources */,
				3FABF4C32BAC8720007837B4 /* Persistence.swift in Sources */,
				3FABF4ED2BAC9D54007837B4 /* MapView.swift in Sources */,
				3FABF4BC2BAC871E007837B4 /* ContentView.swift in Sources */,
				3FABF4BA2BAC871E007837B4 /* LandmarksApp.swift in Sources */,
				3FABF4F72BACB978007837B4 /* ModelData.swift in Sources */,
				3FABF4C62BAC8720007837B4 /* Landmarks.xcdatamodeld in Sources */,
				3FABF4F12BAC9E31007837B4 /* CircleImage.swift in Sources */,
				3FABF4FC2BACBB9F007837B4 /* LandmarkRow.swift in Sources */,
			);
			runOnlyForDeploymentPostprocessing = 0;
		};
		3FABF4C72BAC8720007837B4 /* Sources */ = {
			isa = PBXSourcesBuildPhase;
			buildActionMask = 2147483647;
			files = (
				3FABF4D02BAC8720007837B4 /* LandmarksTests.swift in Sources */,
			);
			runOnlyForDeploymentPostprocessing = 0;
		};
		3FABF4D12BAC8720007837B4 /* Sources */ = {
			isa = PBXSourcesBuildPhase;
			buildActionMask = 2147483647;
			files = (
				3FABF4DC2BAC8720007837B4 /* LandmarksUITestsLaunchTests.swift in Sources */,
				3FABF4DA2BAC8720007837B4 /* LandmarksUITests.swift in Sources */,
			);
			runOnlyForDeploymentPostprocessing = 0;
		};
/* End PBXSourcesBuildPhase section */

/* Begin PBXTargetDependency section */
		3FABF4CD2BAC8720007837B4 /* PBXTargetDependency */ = {
			isa = PBXTargetDependency;
			target = 3FABF4B52BAC871E007837B4 /* Landmarks */;
			targetProxy = 3FABF4CC2BAC8720007837B4 /* PBXContainerItemProxy */;
		};
		3FABF4D72BAC8720007837B4 /* PBXTargetDependency */ = {
			isa = PBXTargetDependency;
			target = 3FABF4B52BAC871E007837B4 /* Landmarks */;
			targetProxy = 3FABF4D62BAC8720007837B4 /* PBXContainerItemProxy */;
		};
/* End PBXTargetDependency section */

/* Begin XCBuildConfiguration section */
		3FABF4DD2BAC8720007837B4 /* Debug */ = {
			isa = XCBuildConfiguration;
			buildSettings = {
				ALWAYS_SEARCH_USER_PATHS = NO;
				ASSETCATALOG_COMPILER_GENERATE_SWIFT_ASSET_SYMBOL_EXTENSIONS = YES;
				CLANG_ANALYZER_NONNULL = YES;
				CLANG_ANALYZER_NUMBER_OBJECT_CONVERSION = YES_AGGRESSIVE;
				CLANG_CXX_LANGUAGE_STANDARD = "gnu++20";
				CLANG_ENABLE_MODULES = YES;
				CLANG_ENABLE_OBJC_ARC = YES;
				CLANG_ENABLE_OBJC_WEAK = YES;
				CLANG_WARN_BLOCK_CAPTURE_AUTORELEASING = YES;
				CLANG_WARN_BOOL_CONVERSION = YES;
				CLANG_WARN_COMMA = YES;
				CLANG_WARN_CONSTANT_CONVERSION = YES;
				CLANG_WARN_DEPRECATED_OBJC_IMPLEMENTATIONS = YES;
				CLANG_WARN_DIRECT_OBJC_ISA_USAGE = YES_ERROR;
				CLANG_WARN_DOCUMENTATION_COMMENTS = YES;
				CLANG_WARN_EMPTY_BODY = YES;
				CLANG_WARN_ENUM_CONVERSION = YES;
				CLANG_WARN_INFINITE_RECURSION = YES;
				CLANG_WARN_INT_CONVERSION = YES;
				CLANG_WARN_NON_LITERAL_NULL_CONVERSION = YES;
				CLANG_WARN_OBJC_IMPLICIT_RETAIN_SELF = YES;
				CLANG_WARN_OBJC_LITERAL_CONVERSION = YES;
				CLANG_WARN_OBJC_ROOT_CLASS = YES_ERROR;
				CLANG_WARN_QUOTED_INCLUDE_IN_FRAMEWORK_HEADER = YES;
				CLANG_WARN_RANGE_LOOP_ANALYSIS = YES;
				CLANG_WARN_STRICT_PROTOTYPES = YES;
				CLANG_WARN_SUSPICIOUS_MOVE = YES;
				CLANG_WARN_UNGUARDED_AVAILABILITY = YES_AGGRESSIVE;
				CLANG_WARN_UNREACHABLE_CODE = YES;
				CLANG_WARN__DUPLICATE_METHOD_MATCH = YES;
				COPY_PHASE_STRIP = NO;
				DEBUG_INFORMATION_FORMAT = dwarf;
				ENABLE_STRICT_OBJC_MSGSEND = YES;
				ENABLE_TESTABILITY = YES;
				ENABLE_USER_SCRIPT_SANDBOXING = YES;
				GCC_C_LANGUAGE_STANDARD = gnu17;
				GCC_DYNAMIC_NO_PIC = NO;
				GCC_NO_COMMON_BLOCKS = YES;
				GCC_OPTIMIZATION_LEVEL = 0;
				GCC_PREPROCESSOR_DEFINITIONS = (
					"DEBUG=1",
					"$(inherited)",
				);
				GCC_WARN_64_TO_32_BIT_CONVERSION = YES;
				GCC_WARN_ABOUT_RETURN_TYPE = YES_ERROR;
				GCC_WARN_UNDECLARED_SELECTOR = YES;
				GCC_WARN_UNINITIALIZED_AUTOS = YES_AGGRESSIVE;
				GCC_WARN_UNUSED_FUNCTION = YES;
				GCC_WARN_UNUSED_VARIABLE = YES;
				IPHONEOS_DEPLOYMENT_TARGET = 17.4;
				LOCALIZATION_PREFERS_STRING_CATALOGS = YES;
				MTL_ENABLE_DEBUG_INFO = INCLUDE_SOURCE;
				MTL_FAST_MATH = YES;
				ONLY_ACTIVE_ARCH = YES;
				SDKROOT = iphoneos;
				SWIFT_ACTIVE_COMPILATION_CONDITIONS = "DEBUG $(inherited)";
				SWIFT_OPTIMIZATION_LEVEL = "-Onone";
			};
			name = Debug;
		};
		3FABF4DE2BAC8720007837B4 /* Release */ = {
			isa = XCBuildConfiguration;
			buildSettings = {
				ALWAYS_SEARCH_USER_PATHS = NO;
				ASSETCATALOG_COMPILER_GENERATE_SWIFT_ASSET_SYMBOL_EXTENSIONS = YES;
				CLANG_ANALYZER_NONNULL = YES;
				CLANG_ANALYZER_NUMBER_OBJECT_CONVERSION = YES_AGGRESSIVE;
				CLANG_CXX_LANGUAGE_STANDARD = "gnu++20";
				CLANG_ENABLE_MODULES = YES;
				CLANG_ENABLE_OBJC_ARC = YES;
				CLANG_ENABLE_OBJC_WEAK = YES;
				CLANG_WARN_BLOCK_CAPTURE_AUTORELEASING = YES;
				CLANG_WARN_BOOL_CONVERSION = YES;
				CLANG_WARN_COMMA = YES;
				CLANG_WARN_CONSTANT_CONVERSION = YES;
				CLANG_WARN_DEPRECATED_OBJC_IMPLEMENTATIONS = YES;
				CLANG_WARN_DIRECT_OBJC_ISA_USAGE = YES_ERROR;
				CLANG_WARN_DOCUMENTATION_COMMENTS = YES;
				CLANG_WARN_EMPTY_BODY = YES;
				CLANG_WARN_ENUM_CONVERSION = YES;
				CLANG_WARN_INFINITE_RECURSION = YES;
				CLANG_WARN_INT_CONVERSION = YES;
				CLANG_WARN_NON_LITERAL_NULL_CONVERSION = YES;
				CLANG_WARN_OBJC_IMPLICIT_RETAIN_SELF = YES;
				CLANG_WARN_OBJC_LITERAL_CONVERSION = YES;
				CLANG_WARN_OBJC_ROOT_CLASS = YES_ERROR;
				CLANG_WARN_QUOTED_INCLUDE_IN_FRAMEWORK_HEADER = YES;
				CLANG_WARN_RANGE_LOOP_ANALYSIS = YES;
				CLANG_WARN_STRICT_PROTOTYPES = YES;
				CLANG_WARN_SUSPICIOUS_MOVE = YES;
				CLANG_WARN_UNGUARDED_AVAILABILITY = YES_AGGRESSIVE;
				CLANG_WARN_UNREACHABLE_CODE = YES;
				CLANG_WARN__DUPLICATE_METHOD_MATCH = YES;
				COPY_PHASE_STRIP = NO;
				DEBUG_INFORMATION_FORMAT = "dwarf-with-dsym";
				ENABLE_NS_ASSERTIONS = NO;
				ENABLE_STRICT_OBJC_MSGSEND = YES;
				ENABLE_USER_SCRIPT_SANDBOXING = YES;
				GCC_C_LANGUAGE_STANDARD = gnu17;
				GCC_NO_COMMON_BLOCKS = YES;
				GCC_WARN_64_TO_32_BIT_CONVERSION = YES;
				GCC_WARN_ABOUT_RETURN_TYPE = YES_ERROR;
				GCC_WARN_UNDECLARED_SELECTOR = YES;
				GCC_WARN_UNINITIALIZED_AUTOS = YES_AGGRESSIVE;
				GCC_WARN_UNUSED_FUNCTION = YES;
				GCC_WARN_UNUSED_VARIABLE = YES;
				IPHONEOS_DEPLOYMENT_TARGET = 17.4;
				LOCALIZATION_PREFERS_STRING_CATALOGS = YES;
				MTL_ENABLE_DEBUG_INFO = NO;
				MTL_FAST_MATH = YES;
				SDKROOT = iphoneos;
				SWIFT_COMPILATION_MODE = wholemodule;
				VALIDATE_PRODUCT = YES;
			};
			name = Release;
		};
		3FABF4E02BAC8720007837B4 /* Debug */ = {
			isa = XCBuildConfiguration;
			buildSettings = {
				ASSETCATALOG_COMPILER_APPICON_NAME = AppIcon;
				ASSETCATALOG_COMPILER_GLOBAL_ACCENT_COLOR_NAME = AccentColor;
				CODE_SIGN_STYLE = Automatic;
				CURRENT_PROJECT_VERSION = 1;
				DEVELOPMENT_ASSET_PATHS = "\"Landmarks/Preview Content\"";
				ENABLE_PREVIEWS = YES;
				GENERATE_INFOPLIST_FILE = YES;
				INFOPLIST_KEY_UIApplicationSceneManifest_Generation = YES;
				INFOPLIST_KEY_UIApplicationSupportsIndirectInputEvents = YES;
				INFOPLIST_KEY_UILaunchScreen_Generation = YES;
				INFOPLIST_KEY_UISupportedInterfaceOrientations_iPad = "UIInterfaceOrientationPortrait UIInterfaceOrientationPortraitUpsideDown UIInterfaceOrientationLandscapeLeft UIInterfaceOrientationLandscapeRight";
				INFOPLIST_KEY_UISupportedInterfaceOrientations_iPhone = "UIInterfaceOrientationPortrait UIInterfaceOrientationLandscapeLeft UIInterfaceOrientationLandscapeRight";
				LD_RUNPATH_SEARCH_PATHS = (
					"$(inherited)",
					"@executable_path/Frameworks",
				);
				MARKETING_VERSION = 1.0;
				PRODUCT_BUNDLE_IDENTIFIER = KClay.Landmarks;
				PRODUCT_NAME = "$(TARGET_NAME)";
				SWIFT_EMIT_LOC_STRINGS = YES;
				SWIFT_VERSION = 5.0;
				TARGETED_DEVICE_FAMILY = "1,2";
			};
			name = Debug;
		};
		3FABF4E12BAC8720007837B4 /* Release */ = {
			isa = XCBuildConfiguration;
			buildSettings = {
				ASSETCATALOG_COMPILER_APPICON_NAME = AppIcon;
				ASSETCATALOG_COMPILER_GLOBAL_ACCENT_COLOR_NAME = AccentColor;
				CODE_SIGN_STYLE = Automatic;
				CURRENT_PROJECT_VERSION = 1;
				DEVELOPMENT_ASSET_PATHS = "\"Landmarks/Preview Content\"";
				ENABLE_PREVIEWS = YES;
				GENERATE_INFOPLIST_FILE = YES;
				INFOPLIST_KEY_UIApplicationSceneManifest_Generation = YES;
				INFOPLIST_KEY_UIApplicationSupportsIndirectInputEvents = YES;
				INFOPLIST_KEY_UILaunchScreen_Generation = YES;
				INFOPLIST_KEY_UISupportedInterfaceOrientations_iPad = "UIInterfaceOrientationPortrait UIInterfaceOrientationPortraitUpsideDown UIInterfaceOrientationLandscapeLeft UIInterfaceOrientationLandscapeRight";
				INFOPLIST_KEY_UISupportedInterfaceOrientations_iPhone = "UIInterfaceOrientationPortrait UIInterfaceOrientationLandscapeLeft UIInterfaceOrientationLandscapeRight";
				LD_RUNPATH_SEARCH_PATHS = (
					"$(inherited)",
					"@executable_path/Frameworks",
				);
				MARKETING_VERSION = 1.0;
				PRODUCT_BUNDLE_IDENTIFIER = KClay.Landmarks;
				PRODUCT_NAME = "$(TARGET_NAME)";
				SWIFT_EMIT_LOC_STRINGS = YES;
				SWIFT_VERSION = 5.0;
				TARGETED_DEVICE_FAMILY = "1,2";
			};
			name = Release;
		};
		3FABF4E32BAC8720007837B4 /* Debug */ = {
			isa = XCBuildConfiguration;
			buildSettings = {
				ALWAYS_EMBED_SWIFT_STANDARD_LIBRARIES = YES;
				BUNDLE_LOADER = "$(TEST_HOST)";
				CODE_SIGN_STYLE = Automatic;
				CURRENT_PROJECT_VERSION = 1;
				GENERATE_INFOPLIST_FILE = YES;
				IPHONEOS_DEPLOYMENT_TARGET = 17.4;
				MARKETING_VERSION = 1.0;
				PRODUCT_BUNDLE_IDENTIFIER = KClay.LandmarksTests;
				PRODUCT_NAME = "$(TARGET_NAME)";
				SWIFT_EMIT_LOC_STRINGS = NO;
				SWIFT_VERSION = 5.0;
				TARGETED_DEVICE_FAMILY = "1,2";
				TEST_HOST = "$(BUILT_PRODUCTS_DIR)/Landmarks.app/$(BUNDLE_EXECUTABLE_FOLDER_PATH)/Landmarks";
			};
			name = Debug;
		};
		3FABF4E42BAC8720007837B4 /* Release */ = {
			isa = XCBuildConfiguration;
			buildSettings = {
				ALWAYS_EMBED_SWIFT_STANDARD_LIBRARIES = YES;
				BUNDLE_LOADER = "$(TEST_HOST)";
				CODE_SIGN_STYLE = Automatic;
				CURRENT_PROJECT_VERSION = 1;
				GENERATE_INFOPLIST_FILE = YES;
				IPHONEOS_DEPLOYMENT_TARGET = 17.4;
				MARKETING_VERSION = 1.0;
				PRODUCT_BUNDLE_IDENTIFIER = KClay.LandmarksTests;
				PRODUCT_NAME = "$(TARGET_NAME)";
				SWIFT_EMIT_LOC_STRINGS = NO;
				SWIFT_VERSION = 5.0;
				TARGETED_DEVICE_FAMILY = "1,2";
				TEST_HOST = "$(BUILT_PRODUCTS_DIR)/Landmarks.app/$(BUNDLE_EXECUTABLE_FOLDER_PATH)/Landmarks";
			};
			name = Release;
		};
		3FABF4E62BAC8720007837B4 /* Debug */ = {
			isa = XCBuildConfiguration;
			buildSettings = {
				ALWAYS_EMBED_SWIFT_STANDARD_LIBRARIES = YES;
				CODE_SIGN_STYLE = Automatic;
				CURRENT_PROJECT_VERSION = 1;
				GENERATE_INFOPLIST_FILE = YES;
				MARKETING_VERSION = 1.0;
				PRODUCT_BUNDLE_IDENTIFIER = KClay.LandmarksUITests;
				PRODUCT_NAME = "$(TARGET_NAME)";
				SWIFT_EMIT_LOC_STRINGS = NO;
				SWIFT_VERSION = 5.0;
				TARGETED_DEVICE_FAMILY = "1,2";
				TEST_TARGET_NAME = Landmarks;
			};
			name = Debug;
		};
		3FABF4E72BAC8720007837B4 /* Release */ = {
			isa = XCBuildConfiguration;
			buildSettings = {
				ALWAYS_EMBED_SWIFT_STANDARD_LIBRARIES = YES;
				CODE_SIGN_STYLE = Automatic;
				CURRENT_PROJECT_VERSION = 1;
				GENERATE_INFOPLIST_FILE = YES;
				MARKETING_VERSION = 1.0;
				PRODUCT_BUNDLE_IDENTIFIER = KClay.LandmarksUITests;
				PRODUCT_NAME = "$(TARGET_NAME)";
				SWIFT_EMIT_LOC_STRINGS = NO;
				SWIFT_VERSION = 5.0;
				TARGETED_DEVICE_FAMILY = "1,2";
				TEST_TARGET_NAME = Landmarks;
			};
			name = Release;
		};
/* End XCBuildConfiguration section */

/* Begin XCConfigurationList section */
		3FABF4B12BAC871E007837B4 /* Build configuration list for PBXProject "Landmarks" */ = {
			isa = XCConfigurationList;
			buildConfigurations = (
				3FABF4DD2BAC8720007837B4 /* Debug */,
				3FABF4DE2BAC8720007837B4 /* Release */,
			);
			defaultConfigurationIsVisible = 0;
			defaultConfigurationName = Release;
		};
		3FABF4DF2BAC8720007837B4 /* Build configuration list for PBXNativeTarget "Landmarks" */ = {
			isa = XCConfigurationList;
			buildConfigurations = (
				3FABF4E02BAC8720007837B4 /* Debug */,
				3FABF4E12BAC8720007837B4 /* Release */,
			);
			defaultConfigurationIsVisible = 0;
			defaultConfigurationName = Release;
		};
		3FABF4E22BAC8720007837B4 /* Build configuration list for PBXNativeTarget "LandmarksTests" */ = {
			isa = XCConfigurationList;
			buildConfigurations = (
				3FABF4E32BAC8720007837B4 /* Debug */,
				3FABF4E42BAC8720007837B4 /* Release */,
			);
			defaultConfigurationIsVisible = 0;
			defaultConfigurationName = Release;
		};
		3FABF4E52BAC8720007837B4 /* Build configuration list for PBXNativeTarget "LandmarksUITests" */ = {
			isa = XCConfigurationList;
			buildConfigurations = (
				3FABF4E62BAC8720007837B4 /* Debug */,
				3FABF4E72BAC8720007837B4 /* Release */,
			);
			defaultConfigurationIsVisible = 0;
			defaultConfigurationName = Release;
		};
/* End XCConfigurationList section */

/* Begin XCVersionGroup section */
		3FABF4C42BAC8720007837B4 /* Landmarks.xcdatamodeld */ = {
			isa = XCVersionGroup;
			children = (
				3FABF4C52BAC8720007837B4 /* Landmarks.xcdatamodel */,
			);
			currentVersion = 3FABF4C52BAC8720007837B4 /* Landmarks.xcdatamodel */;
			path = Landmarks.xcdatamodeld;
			sourceTree = "<group>";
			versionGroupType = wrapper.xcdatamodel;
		};
/* End XCVersionGroup section */
	};
	rootObject = 3FABF4AE2BAC871E007837B4 /* Project object */;
}
